
Microsoft Visual Studio Solution File, Format Version 12.00
# Visual Studio Version 17
VisualStudioVersion = 17.12.35527.113 d17.12
MinimumVisualStudioVersion = 10.0.40219.1
Project("{FAE04EC0-301F-11D3-BF4B-00C04F79EFBC}") = "Day01", "Day01\Day01.csproj", "{3BC1AF5B-FEDA-4E95-9763-EA67E29EFFC5}"
EndProject
Project("{FAE04EC0-301F-11D3-BF4B-00C04F79EFBC}") = "Day02", "Day02\Day02.csproj", "{8A570047-7493-4093-96BE-532459607836}"
EndProject
Project("{FAE04EC0-301F-11D3-BF4B-00C04F79EFBC}") = "Day03", "Day03\Day03.csproj", "{8F27A9AB-F535-4023-AF99-D210BD4D6770}"
EndProject
Project("{FAE04EC0-301F-11D3-BF4B-00C04F79EFBC}") = "Day04", "Day04\Day04.csproj", "{1E7B8462-43CC-4924-A89F-F3A534ECC31A}"
EndProject
Project("{FAE04EC0-301F-11D3-BF4B-00C04F79EFBC}") = "Business", "Business\Business.csproj", "{517A1EE4-353F-4DF7-BE7D-9C3857272058}"
EndProject
Project("{FAE04EC0-301F-11D3-BF4B-00C04F79EFBC}") = "Day05", "Day05\Day05.csproj", "{99997E97-B8A1-4F0B-A921-BB069381E4B2}"
EndProject
Global
	GlobalSection(SolutionConfigurationPlatforms) = preSolution
		Debug|Any CPU = Debug|Any CPU
		Release|Any CPU = Release|Any CPU
	EndGlobalSection
	GlobalSection(ProjectConfigurationPlatforms) = postSolution
		{3BC1AF5B-FEDA-4E95-9763-EA67E29EFFC5}.Debug|Any CPU.ActiveCfg = Debug|Any CPU
		{3BC1AF5B-FEDA-4E95-9763-EA67E29EFFC5}.Debug|Any CPU.Build.0 = Debug|Any CPU
		{3BC1AF5B-FEDA-4E95-9763-EA67E29EFFC5}.Release|Any CPU.ActiveCfg = Release|Any CPU
		{3BC1AF5B-FEDA-4E95-9763-EA67E29EFFC5}.Release|Any CPU.Build.0 = Release|Any CPU
		{8A570047-7493-4093-96BE-532459607836}.Debug|Any CPU.ActiveCfg = Debug|Any CPU
		{8A570047-7493-4093-96BE-532459607836}.Debug|Any CPU.Build.0 = Debug|Any CPU
		{8A570047-7493-4093-96BE-532459607836}.Release|Any CPU.ActiveCfg = Release|Any CPU
		{8A570047-7493-4093-96BE-532459607836}.Release|Any CPU.Build.0 = Release|Any CPU
		{8F27A9AB-F535-4023-AF99-D210BD4D6770}.Debug|Any CPU.ActiveCfg = Debug|Any CPU
		{8F27A9AB-F535-4023-AF99-D210BD4D6770}.Debug|Any CPU.Build.0 = Debug|Any CPU
		{8F27A9AB-F535-4023-AF99-D210BD4D6770}.Release|Any CPU.ActiveCfg = Release|Any CPU
		{8F27A9AB-F535-4023-AF99-D210BD4D6770}.Release|Any CPU.Build.0 = Release|Any CPU
		{1E7B8462-43CC-4924-A89F-F3A534ECC31A}.Debug|Any CPU.ActiveCfg = Debug|Any CPU
		{1E7B8462-43CC-4924-A89F-F3A534ECC31A}.Debug|Any CPU.Build.0 = Debug|Any CPU
		{1E7B8462-43CC-4924-A89F-F3A534ECC31A}.Release|Any CPU.ActiveCfg = Release|Any CPU
		{1E7B8462-43CC-4924-A89F-F3A534ECC31A}.Release|Any CPU.Build.0 = Release|Any CPU
		{517A1EE4-353F-4DF7-BE7D-9C3857272058}.Debug|Any CPU.ActiveCfg = Debug|Any CPU
		{517A1EE4-353F-4DF7-BE7D-9C3857272058}.Debug|Any CPU.Build.0 = Debug|Any CPU
		{517A1EE4-353F-4DF7-BE7D-9C3857272058}.Release|Any CPU.ActiveCfg = Release|Any CPU
		{517A1EE4-353F-4DF7-BE7D-9C3857272058}.Release|Any CPU.Build.0 = Release|Any CPU
		{99997E97-B8A1-4F0B-A921-BB069381E4B2}.Debug|Any CPU.ActiveCfg = Debug|Any CPU
		{99997E97-B8A1-4F0B-A921-BB069381E4B2}.Debug|Any CPU.Build.0 = Debug|Any CPU
		{99997E97-B8A1-4F0B-A921-BB069381E4B2}.Release|Any CPU.ActiveCfg = Release|Any CPU
		{99997E97-B8A1-4F0B-A921-BB069381E4B2}.Release|Any CPU.Build.0 = Release|Any CPU
	EndGlobalSection
	GlobalSection(SolutionProperties) = preSolution
		HideSolutionNode = FALSE
	EndGlobalSection
EndGlobal
